
Microsoft Visual Studio Solution File, Format Version 12.00
# Visual Studio Version 16
VisualStudioVersion = 25.0.1704.3
MinimumVisualStudioVersion = 10.0.40219.1
Project("{FAE04EC0-301F-11D3-BF4B-00C04F79EFBC}") = "DroneDeliveryService", "DroneDeliveryService\DroneDeliveryService.csproj", "{A70549CD-EEA9-4E07-9C2F-B23D395C2FED}"
EndProject
Global
	GlobalSection(SolutionConfigurationPlatforms) = preSolution
		Debug|Any CPU = Debug|Any CPU
		Release|Any CPU = Release|Any CPU
	EndGlobalSection
	GlobalSection(ProjectConfigurationPlatforms) = postSolution
		{A70549CD-EEA9-4E07-9C2F-B23D395C2FED}.Debug|Any CPU.ActiveCfg = Debug|Any CPU
		{A70549CD-EEA9-4E07-9C2F-B23D395C2FED}.Debug|Any CPU.Build.0 = Debug|Any CPU
		{A70549CD-EEA9-4E07-9C2F-B23D395C2FED}.Release|Any CPU.ActiveCfg = Release|Any CPU
		{A70549CD-EEA9-4E07-9C2F-B23D395C2FED}.Release|Any CPU.Build.0 = Release|Any CPU
	EndGlobalSection
	GlobalSection(SolutionProperties) = preSolution
		HideSolutionNode = FALSE
	EndGlobalSection
	GlobalSection(ExtensibilityGlobals) = postSolution
		SolutionGuid = {20832A3D-50E7-4A4D-8B2B-38165D611405}
	EndGlobalSection
EndGlobal
